
Microsoft Visual Studio Solution File, Format Version 12.00
# Visual Studio 14
VisualStudioVersion = 14.0.25420.1
MinimumVisualStudioVersion = 10.0.40219.1
Project("{FAE04EC0-301F-11D3-BF4B-00C04F79EFBC}") = "Rama9-CardReader", "Rama9-CardReader\Rama9-CardReader.csproj", "{32B8DD24-C8F8-400E-82F0-105721D1522D}"
EndProject
Project("{FAE04EC0-301F-11D3-BF4B-00C04F79EFBC}") = "ThaiNationalIDCard", "..\..\ThaiNationalIDCard-master\ThaiNationalIDCard\ThaiNationalIDCard.csproj", "{437C37AD-D733-46EC-8348-69B75F64B62F}"
EndProject
Global
	GlobalSection(SolutionConfigurationPlatforms) = preSolution
		Debug|Any CPU = Debug|Any CPU
		Release|Any CPU = Release|Any CPU
	EndGlobalSection
	GlobalSection(ProjectConfigurationPlatforms) = postSolution
		{32B8DD24-C8F8-400E-82F0-105721D1522D}.Debug|Any CPU.ActiveCfg = Debug|Any CPU
		{32B8DD24-C8F8-400E-82F0-105721D1522D}.Debug|Any CPU.Build.0 = Debug|Any CPU
		{32B8DD24-C8F8-400E-82F0-105721D1522D}.Release|Any CPU.ActiveCfg = Release|Any CPU
		{32B8DD24-C8F8-400E-82F0-105721D1522D}.Release|Any CPU.Build.0 = Release|Any CPU
		{437C37AD-D733-46EC-8348-69B75F64B62F}.Debug|Any CPU.ActiveCfg = Debug|Any CPU
		{437C37AD-D733-46EC-8348-69B75F64B62F}.Debug|Any CPU.Build.0 = Debug|Any CPU
		{437C37AD-D733-46EC-8348-69B75F64B62F}.Release|Any CPU.ActiveCfg = Release|Any CPU
		{437C37AD-D733-46EC-8348-69B75F64B62F}.Release|Any CPU.Build.0 = Release|Any CPU
	EndGlobalSection
	GlobalSection(SolutionProperties) = preSolution
		HideSolutionNode = FALSE
	EndGlobalSection
EndGlobal
